
Microsoft Visual Studio Solution File, Format Version 12.00
# Blend for Visual Studio 14
VisualStudioVersion = 14.0.25420.1
MinimumVisualStudioVersion = 10.0.40219.1
Project("{FAE04EC0-301F-11D3-BF4B-00C04F79EFBC}") = "EasyDatabaseCompare", "EasyDatabaseCompare\EasyDatabaseCompare.csproj", "{5EDDD2BC-B60B-446B-8BA4-0F610A33853B}"
EndProject
Project("{FAE04EC0-301F-11D3-BF4B-00C04F79EFBC}") = "DataAccessLib", "DataAccessLib\DataAccessLib.csproj", "{7CA48413-2809-49B8-872C-1ED95944645A}"
EndProject
Global
	GlobalSection(SolutionConfigurationPlatforms) = preSolution
		Debug|Any CPU = Debug|Any CPU
		Debug|x86 = Debug|x86
		Release|Any CPU = Release|Any CPU
		Release|x86 = Release|x86
	EndGlobalSection
	GlobalSection(ProjectConfigurationPlatforms) = postSolution
		{5EDDD2BC-B60B-446B-8BA4-0F610A33853B}.Debug|Any CPU.ActiveCfg = Debug|Any CPU
		{5EDDD2BC-B60B-446B-8BA4-0F610A33853B}.Debug|Any CPU.Build.0 = Debug|Any CPU
		{5EDDD2BC-B60B-446B-8BA4-0F610A33853B}.Debug|x86.ActiveCfg = Debug|x86
		{5EDDD2BC-B60B-446B-8BA4-0F610A33853B}.Debug|x86.Build.0 = Debug|x86
		{5EDDD2BC-B60B-446B-8BA4-0F610A33853B}.Release|Any CPU.ActiveCfg = Release|Any CPU
		{5EDDD2BC-B60B-446B-8BA4-0F610A33853B}.Release|Any CPU.Build.0 = Release|Any CPU
		{5EDDD2BC-B60B-446B-8BA4-0F610A33853B}.Release|x86.ActiveCfg = Release|x86
		{5EDDD2BC-B60B-446B-8BA4-0F610A33853B}.Release|x86.Build.0 = Release|x86
		{7CA48413-2809-49B8-872C-1ED95944645A}.Debug|Any CPU.ActiveCfg = Debug|Any CPU
		{7CA48413-2809-49B8-872C-1ED95944645A}.Debug|Any CPU.Build.0 = Debug|Any CPU
		{7CA48413-2809-49B8-872C-1ED95944645A}.Debug|x86.ActiveCfg = Debug|x86
		{7CA48413-2809-49B8-872C-1ED95944645A}.Debug|x86.Build.0 = Debug|x86
		{7CA48413-2809-49B8-872C-1ED95944645A}.Release|Any CPU.ActiveCfg = Release|Any CPU
		{7CA48413-2809-49B8-872C-1ED95944645A}.Release|Any CPU.Build.0 = Release|Any CPU
		{7CA48413-2809-49B8-872C-1ED95944645A}.Release|x86.ActiveCfg = Release|x86
		{7CA48413-2809-49B8-872C-1ED95944645A}.Release|x86.Build.0 = Release|x86
	EndGlobalSection
	GlobalSection(SolutionProperties) = preSolution
		HideSolutionNode = FALSE
	EndGlobalSection
EndGlobal
